<Solution>
  <Project Path="UserService.Application/UserService.Application.csproj" />
  <Project Path="UserService.Domain/UserService.Domain.csproj" />
  <Project Path="UserService.Infrastructure/UserService.Infrastructure.csproj" />
  <Project Path="UserService.Presentation/UserService.Presentation.csproj" />
</Solution>
